// !$*UTF8*$!
{
	archiveVersion = 1;
	classes = {
	};
	objectVersion = 55;
	objects = {

/* Begin PBXFileReference section */
		DA0EC25627A943A20054AFC2 /* AAU_Systematics.h */ = {isa = PBXFileReference; lastKnownFileType = sourcecode.c.h; path = AAU_Systematics.h; sourceTree = "<group>"; };
		DA1BA7AC27425D220026D827 /* AAU_Histograms.h */ = {isa = PBXFileReference; lastKnownFileType = sourcecode.c.h; path = AAU_Histograms.h; sourceTree = "<group>"; };
		DA1BA7AD27425D220026D827 /* AAU_Functions.h */ = {isa = PBXFileReference; lastKnownFileType = sourcecode.c.h; path = AAU_Functions.h; sourceTree = "<group>"; };
		DA1BA7AE27425D220026D827 /* AAU_Style.h */ = {isa = PBXFileReference; lastKnownFileType = sourcecode.c.h; path = AAU_Style.h; sourceTree = "<group>"; };
		DA1BA7AF27425D220026D827 /* AAU_GlobalUtilFunctions.h */ = {isa = PBXFileReference; lastKnownFileType = sourcecode.c.h; path = AAU_GlobalUtilFunctions.h; sourceTree = "<group>"; };
		DA1BA7B027425D220026D827 /* figTemplate.C */ = {isa = PBXFileReference; lastKnownFileType = sourcecode.cpp.cpp; path = figTemplate.C; sourceTree = "<group>"; };
		DA1BA7B127425D220026D827 /* AAU_GlobalUtilVariables.h */ = {isa = PBXFileReference; lastKnownFileType = sourcecode.c.h; path = AAU_GlobalUtilVariables.h; sourceTree = "<group>"; };
		DA1BA7B227425D220026D827 /* AliAnalysisUtility.h */ = {isa = PBXFileReference; lastKnownFileType = sourcecode.c.h; path = AliAnalysisUtility.h; sourceTree = "<group>"; };
		DA1BA7B327425D220026D827 /* README.md */ = {isa = PBXFileReference; lastKnownFileType = net.daringfireball.markdown; path = README.md; sourceTree = "<group>"; };
		DA1BA7B427425D220026D827 /* ReweightEfficiency.C */ = {isa = PBXFileReference; lastKnownFileType = sourcecode.cpp.cpp; path = ReweightEfficiency.C; sourceTree = "<group>"; };
		DA7B1C4027EB13C100FF1AF0 /* AAU_Graphs.h */ = {isa = PBXFileReference; lastKnownFileType = sourcecode.c.h; path = AAU_Graphs.h; sourceTree = "<group>"; };
		DA893167274E357600E92588 /* AAU_Efficiency.h */ = {isa = PBXFileReference; lastKnownFileType = sourcecode.c.h; path = AAU_Efficiency.h; sourceTree = "<group>"; };
		DAD422D92757749C00921AE8 /* AAU_Extrapolation.h */ = {isa = PBXFileReference; lastKnownFileType = sourcecode.c.h; path = AAU_Extrapolation.h; sourceTree = "<group>"; };
		DAFE3603274BAC0E00E7EEF4 /* AAU_Resolution.h */ = {isa = PBXFileReference; lastKnownFileType = sourcecode.c.h; path = AAU_Resolution.h; sourceTree = "<group>"; };
/* End PBXFileReference section */

/* Begin PBXGroup section */
		DA1BA7A527425D030026D827 = {
			isa = PBXGroup;
			children = (
				DA1BA7AD27425D220026D827 /* AAU_Functions.h */,
				DA1BA7AF27425D220026D827 /* AAU_GlobalUtilFunctions.h */,
				DA1BA7B127425D220026D827 /* AAU_GlobalUtilVariables.h */,
				DA1BA7AC27425D220026D827 /* AAU_Histograms.h */,
				DA893167274E357600E92588 /* AAU_Efficiency.h */,
				DAFE3603274BAC0E00E7EEF4 /* AAU_Resolution.h */,
				DA7B1C4027EB13C100FF1AF0 /* AAU_Graphs.h */,
				DAD422D92757749C00921AE8 /* AAU_Extrapolation.h */,
				DA1BA7AE27425D220026D827 /* AAU_Style.h */,
				DA0EC25627A943A20054AFC2 /* AAU_Systematics.h */,
				DA1BA7B227425D220026D827 /* AliAnalysisUtility.h */,
				DA1BA7B027425D220026D827 /* figTemplate.C */,
				DA1BA7B327425D220026D827 /* README.md */,
				DA1BA7B427425D220026D827 /* ReweightEfficiency.C */,
			);
			sourceTree = "<group>";
		};
/* End PBXGroup section */

/* Begin PBXProject section */
		DA1BA7A627425D030026D827 /* Project object */ = {
			isa = PBXProject;
			attributes = {
				BuildIndependentTargetsInParallel = 1;
				LastUpgradeCheck = 1300;
			};
			buildConfigurationList = DA1BA7A927425D030026D827 /* Build configuration list for PBXProject "AliAnalysisUtility" */;
			compatibilityVersion = "Xcode 13.0";
			developmentRegion = en;
			hasScannedForEncodings = 0;
			knownRegions = (
				en,
				Base,
			);
			mainGroup = DA1BA7A527425D030026D827;
			projectDirPath = "";
			projectRoot = "";
			targets = (
			);
		};
/* End PBXProject section */

/* Begin XCBuildConfiguration section */
		DA1BA7AA27425D030026D827 /* Debug */ = {
			isa = XCBuildConfiguration;
			buildSettings = {
			};
			name = Debug;
		};
		DA1BA7AB27425D030026D827 /* Release */ = {
			isa = XCBuildConfiguration;
			buildSettings = {
			};
			name = Release;
		};
/* End XCBuildConfiguration section */

/* Begin XCConfigurationList section */
		DA1BA7A927425D030026D827 /* Build configuration list for PBXProject "AliAnalysisUtility" */ = {
			isa = XCConfigurationList;
			buildConfigurations = (
				DA1BA7AA27425D030026D827 /* Debug */,
				DA1BA7AB27425D030026D827 /* Release */,
			);
			defaultConfigurationIsVisible = 0;
			defaultConfigurationName = Release;
		};
/* End XCConfigurationList section */
	};
	rootObject = DA1BA7A627425D030026D827 /* Project object */;
}
